// !$*UTF8*$!
{
	archiveVersion = 1;
	classes = {
	};
	objectVersion = 56;
	objects = {

/* Begin PBXBuildFile section */
		CAD711C12B81825D00FF545B /* TouchDownApp.swift in Sources */ = {isa = PBXBuildFile; fileRef = CAD711C02B81825D00FF545B /* TouchDownApp.swift */; };
		CAD711C32B81825D00FF545B /* ContentView.swift in Sources */ = {isa = PBXBuildFile; fileRef = CAD711C22B81825D00FF545B /* ContentView.swift */; };
		CAD711C52B81825F00FF545B /* Assets.xcassets in Resources */ = {isa = PBXBuildFile; fileRef = CAD711C42B81825F00FF545B /* Assets.xcassets */; };
		CAD711C82B81825F00FF545B /* Preview Assets.xcassets in Resources */ = {isa = PBXBuildFile; fileRef = CAD711C72B81825F00FF545B /* Preview Assets.xcassets */; };
		CAD711D92B81845800FF545B /* constant.swift in Sources */ = {isa = PBXBuildFile; fileRef = CAD711D82B81845800FF545B /* constant.swift */; };
		CAD711DB2B81853700FF545B /* FooterView.swift in Sources */ = {isa = PBXBuildFile; fileRef = CAD711DA2B81853700FF545B /* FooterView.swift */; };
		CAD711DD2B81878700FF545B /* NavigationBarView.swift in Sources */ = {isa = PBXBuildFile; fileRef = CAD711DC2B81878700FF545B /* NavigationBarView.swift */; };
		CAD711DF2B81889500FF545B /* LogoView.swift in Sources */ = {isa = PBXBuildFile; fileRef = CAD711DE2B81889500FF545B /* LogoView.swift */; };
		CAD711E12B818CA800FF545B /* PlayerModel.swift in Sources */ = {isa = PBXBuildFile; fileRef = CAD711E02B818CA800FF545B /* PlayerModel.swift */; };
		CAD711E32B818CF800FF545B /* CodableBundleExtension.swift in Sources */ = {isa = PBXBuildFile; fileRef = CAD711E22B818CF800FF545B /* CodableBundleExtension.swift */; };
		CAD711E52B818EBA00FF545B /* FeatureItemView.swift in Sources */ = {isa = PBXBuildFile; fileRef = CAD711E42B818EBA00FF545B /* FeatureItemView.swift */; };
		CAD711FB2B8193F600FF545B /* player.json in Resources */ = {isa = PBXBuildFile; fileRef = CAD711F72B8193F600FF545B /* player.json */; };
		CAD711FC2B8193F600FF545B /* product.json in Resources */ = {isa = PBXBuildFile; fileRef = CAD711F82B8193F600FF545B /* product.json */; };
		CAD711FD2B8193F600FF545B /* category.json in Resources */ = {isa = PBXBuildFile; fileRef = CAD711F92B8193F600FF545B /* category.json */; };
		CAD711FE2B8193F600FF545B /* brand.json in Resources */ = {isa = PBXBuildFile; fileRef = CAD711FA2B8193F600FF545B /* brand.json */; };
		CAD712012B8194A300FF545B /* FeatureTabView.swift in Sources */ = {isa = PBXBuildFile; fileRef = CAD712002B8194A300FF545B /* FeatureTabView.swift */; };
		CAD712032B81DC4900FF545B /* CategoryModel.swift in Sources */ = {isa = PBXBuildFile; fileRef = CAD712022B81DC4900FF545B /* CategoryModel.swift */; };
		CAD712052B81DD6200FF545B /* CategoryItemView.swift in Sources */ = {isa = PBXBuildFile; fileRef = CAD712042B81DD6200FF545B /* CategoryItemView.swift */; };
		CAD712072B81DEFE00FF545B /* CategoryGridView.swift in Sources */ = {isa = PBXBuildFile; fileRef = CAD712062B81DEFE00FF545B /* CategoryGridView.swift */; };
		CAD712092B82D6A500FF545B /* SectionView.swift in Sources */ = {isa = PBXBuildFile; fileRef = CAD712082B82D6A500FF545B /* SectionView.swift */; };
		CAD7120B2B82D8BF00FF545B /* TitleView.swift in Sources */ = {isa = PBXBuildFile; fileRef = CAD7120A2B82D8BF00FF545B /* TitleView.swift */; };
/* End PBXBuildFile section */

/* Begin PBXFileReference section */
		CAD711BD2B81825D00FF545B /* TouchDown.app */ = {isa = PBXFileReference; explicitFileType = wrapper.application; includeInIndex = 0; path = TouchDown.app; sourceTree = BUILT_PRODUCTS_DIR; };
		CAD711C02B81825D00FF545B /* TouchDownApp.swift */ = {isa = PBXFileReference; lastKnownFileType = sourcecode.swift; path = TouchDownApp.swift; sourceTree = "<group>"; };
		CAD711C22B81825D00FF545B /* ContentView.swift */ = {isa = PBXFileReference; lastKnownFileType = sourcecode.swift; path = ContentView.swift; sourceTree = "<group>"; };
		CAD711C42B81825F00FF545B /* Assets.xcassets */ = {isa = PBXFileReference; lastKnownFileType = folder.assetcatalog; path = Assets.xcassets; sourceTree = "<group>"; };
		CAD711C72B81825F00FF545B /* Preview Assets.xcassets */ = {isa = PBXFileReference; lastKnownFileType = folder.assetcatalog; path = "Preview Assets.xcassets"; sourceTree = "<group>"; };
		CAD711D02B81837300FF545B /* Info.plist */ = {isa = PBXFileReference; lastKnownFileType = text.plist; path = Info.plist; sourceTree = "<group>"; };
		CAD711D82B81845800FF545B /* constant.swift */ = {isa = PBXFileReference; lastKnownFileType = sourcecode.swift; path = constant.swift; sourceTree = "<group>"; };
		CAD711DA2B81853700FF545B /* FooterView.swift */ = {isa = PBXFileReference; lastKnownFileType = sourcecode.swift; path = FooterView.swift; sourceTree = "<group>"; };
		CAD711DC2B81878700FF545B /* NavigationBarView.swift */ = {isa = PBXFileReference; lastKnownFileType = sourcecode.swift; path = NavigationBarView.swift; sourceTree = "<group>"; };
		CAD711DE2B81889500FF545B /* LogoView.swift */ = {isa = PBXFileReference; lastKnownFileType = sourcecode.swift; path = LogoView.swift; sourceTree = "<group>"; };
		CAD711E02B818CA800FF545B /* PlayerModel.swift */ = {isa = PBXFileReference; lastKnownFileType = sourcecode.swift; path = PlayerModel.swift; sourceTree = "<group>"; };
		CAD711E22B818CF800FF545B /* CodableBundleExtension.swift */ = {isa = PBXFileReference; lastKnownFileType = sourcecode.swift; path = CodableBundleExtension.swift; sourceTree = "<group>"; };
		CAD711E42B818EBA00FF545B /* FeatureItemView.swift */ = {isa = PBXFileReference; lastKnownFileType = sourcecode.swift; path = FeatureItemView.swift; sourceTree = "<group>"; };
		CAD711F72B8193F600FF545B /* player.json */ = {isa = PBXFileReference; fileEncoding = 4; lastKnownFileType = text.json; path = player.json; sourceTree = "<group>"; };
		CAD711F82B8193F600FF545B /* product.json */ = {isa = PBXFileReference; fileEncoding = 4; lastKnownFileType = text.json; path = product.json; sourceTree = "<group>"; };
		CAD711F92B8193F600FF545B /* category.json */ = {isa = PBXFileReference; fileEncoding = 4; lastKnownFileType = text.json; path = category.json; sourceTree = "<group>"; };
		CAD711FA2B8193F600FF545B /* brand.json */ = {isa = PBXFileReference; fileEncoding = 4; lastKnownFileType = text.json; path = brand.json; sourceTree = "<group>"; };
		CAD712002B8194A300FF545B /* FeatureTabView.swift */ = {isa = PBXFileReference; lastKnownFileType = sourcecode.swift; path = FeatureTabView.swift; sourceTree = "<group>"; };
		CAD712022B81DC4900FF545B /* CategoryModel.swift */ = {isa = PBXFileReference; lastKnownFileType = sourcecode.swift; path = CategoryModel.swift; sourceTree = "<group>"; };
		CAD712042B81DD6200FF545B /* CategoryItemView.swift */ = {isa = PBXFileReference; lastKnownFileType = sourcecode.swift; path = CategoryItemView.swift; sourceTree = "<group>"; };
		CAD712062B81DEFE00FF545B /* CategoryGridView.swift */ = {isa = PBXFileReference; lastKnownFileType = sourcecode.swift; path = CategoryGridView.swift; sourceTree = "<group>"; };
		CAD712082B82D6A500FF545B /* SectionView.swift */ = {isa = PBXFileReference; lastKnownFileType = sourcecode.swift; path = SectionView.swift; sourceTree = "<group>"; };
		CAD7120A2B82D8BF00FF545B /* TitleView.swift */ = {isa = PBXFileReference; lastKnownFileType = sourcecode.swift; path = TitleView.swift; sourceTree = "<group>"; };
/* End PBXFileReference section */

/* Begin PBXFrameworksBuildPhase section */
		CAD711BA2B81825D00FF545B /* Frameworks */ = {
			isa = PBXFrameworksBuildPhase;
			buildActionMask = 2147483647;
			files = (
			);
			runOnlyForDeploymentPostprocessing = 0;
		};
/* End PBXFrameworksBuildPhase section */

/* Begin PBXGroup section */
		CAD711B42B81825D00FF545B = {
			isa = PBXGroup;
			children = (
				CAD711BF2B81825D00FF545B /* TouchDown */,
				CAD711BE2B81825D00FF545B /* Products */,
			);
			sourceTree = "<group>";
		};
		CAD711BE2B81825D00FF545B /* Products */ = {
			isa = PBXGroup;
			children = (
				CAD711BD2B81825D00FF545B /* TouchDown.app */,
			);
			name = Products;
			sourceTree = "<group>";
		};
		CAD711BF2B81825D00FF545B /* TouchDown */ = {
			isa = PBXGroup;
			children = (
				CAD711FF2B8193FC00FF545B /* Datas */,
				CAD711D72B81843900FF545B /* Utiliry */,
				CAD711D62B81843300FF545B /* Extension */,
				CAD711D52B81842C00FF545B /* Model */,
				CAD711D22B81840D00FF545B /* View */,
				CAD711D02B81837300FF545B /* Info.plist */,
				CAD711D12B8183FF00FF545B /* App */,
				CAD711C42B81825F00FF545B /* Assets.xcassets */,
				CAD711C62B81825F00FF545B /* Preview Content */,
			);
			path = TouchDown;
			sourceTree = "<group>";
		};
		CAD711C62B81825F00FF545B /* Preview Content */ = {
			isa = PBXGroup;
			children = (
				CAD711C72B81825F00FF545B /* Preview Assets.xcassets */,
			);
			path = "Preview Content";
			sourceTree = "<group>";
		};
		CAD711D12B8183FF00FF545B /* App */ = {
			isa = PBXGroup;
			children = (
				CAD711C02B81825D00FF545B /* TouchDownApp.swift */,
				CAD711C22B81825D00FF545B /* ContentView.swift */,
			);
			path = App;
			sourceTree = "<group>";
		};
		CAD711D22B81840D00FF545B /* View */ = {
			isa = PBXGroup;
			children = (
				CAD711D42B81842500FF545B /* Detail */,
				CAD711D32B81841E00FF545B /* Home */,
				CAD712042B81DD6200FF545B /* CategoryItemView.swift */,
			);
			path = View;
			sourceTree = "<group>";
		};
		CAD711D32B81841E00FF545B /* Home */ = {
			isa = PBXGroup;
			children = (
				CAD711DA2B81853700FF545B /* FooterView.swift */,
				CAD711DC2B81878700FF545B /* NavigationBarView.swift */,
				CAD711DE2B81889500FF545B /* LogoView.swift */,
				CAD711E42B818EBA00FF545B /* FeatureItemView.swift */,
				CAD712002B8194A300FF545B /* FeatureTabView.swift */,
				CAD712062B81DEFE00FF545B /* CategoryGridView.swift */,
				CAD712082B82D6A500FF545B /* SectionView.swift */,
				CAD7120A2B82D8BF00FF545B /* TitleView.swift */,
			);
			path = Home;
			sourceTree = "<group>";
		};
		CAD711D42B81842500FF545B /* Detail */ = {
			isa = PBXGroup;
			children = (
			);
			path = Detail;
			sourceTree = "<group>";
		};
		CAD711D52B81842C00FF545B /* Model */ = {
			isa = PBXGroup;
			children = (
				CAD711E02B818CA800FF545B /* PlayerModel.swift */,
				CAD712022B81DC4900FF545B /* CategoryModel.swift */,
			);
			path = Model;
			sourceTree = "<group>";
		};
		CAD711D62B81843300FF545B /* Extension */ = {
			isa = PBXGroup;
			children = (
				CAD711E22B818CF800FF545B /* CodableBundleExtension.swift */,
			);
			path = Extension;
			sourceTree = "<group>";
		};
		CAD711D72B81843900FF545B /* Utiliry */ = {
			isa = PBXGroup;
			children = (
				CAD711D82B81845800FF545B /* constant.swift */,
			);
			path = Utiliry;
			sourceTree = "<group>";
		};
		CAD711FF2B8193FC00FF545B /* Datas */ = {
			isa = PBXGroup;
			children = (
				CAD711FA2B8193F600FF545B /* brand.json */,
				CAD711F92B8193F600FF545B /* category.json */,
				CAD711F72B8193F600FF545B /* player.json */,
				CAD711F82B8193F600FF545B /* product.json */,
			);
			path = Datas;
			sourceTree = "<group>";
		};
/* End PBXGroup section */

/* Begin PBXNativeTarget section */
		CAD711BC2B81825D00FF545B /* TouchDown */ = {
			isa = PBXNativeTarget;
			buildConfigurationList = CAD711CB2B81825F00FF545B /* Build configuration list for PBXNativeTarget "TouchDown" */;
			buildPhases = (
				CAD711B92B81825D00FF545B /* Sources */,
				CAD711BA2B81825D00FF545B /* Frameworks */,
				CAD711BB2B81825D00FF545B /* Resources */,
			);
			buildRules = (
			);
			dependencies = (
			);
			name = TouchDown;
			productName = TouchDown;
			productReference = CAD711BD2B81825D00FF545B /* TouchDown.app */;
			productType = "com.apple.product-type.application";
		};
/* End PBXNativeTarget section */

/* Begin PBXProject section */
		CAD711B52B81825D00FF545B /* Project object */ = {
			isa = PBXProject;
			attributes = {
				BuildIndependentTargetsInParallel = 1;
				LastSwiftUpdateCheck = 1420;
				LastUpgradeCheck = 1420;
				TargetAttributes = {
					CAD711BC2B81825D00FF545B = {
						CreatedOnToolsVersion = 14.2;
					};
				};
			};
			buildConfigurationList = CAD711B82B81825D00FF545B /* Build configuration list for PBXProject "TouchDown" */;
			compatibilityVersion = "Xcode 14.0";
			developmentRegion = en;
			hasScannedForEncodings = 0;
			knownRegions = (
				en,
				Base,
			);
			mainGroup = CAD711B42B81825D00FF545B;
			productRefGroup = CAD711BE2B81825D00FF545B /* Products */;
			projectDirPath = "";
			projectRoot = "";
			targets = (
				CAD711BC2B81825D00FF545B /* TouchDown */,
			);
		};
/* End PBXProject section */

/* Begin PBXResourcesBuildPhase section */
		CAD711BB2B81825D00FF545B /* Resources */ = {
			isa = PBXResourcesBuildPhase;
			buildActionMask = 2147483647;
			files = (
				CAD711FB2B8193F600FF545B /* player.json in Resources */,
				CAD711FC2B8193F600FF545B /* product.json in Resources */,
				CAD711FD2B8193F600FF545B /* category.json in Resources */,
				CAD711C82B81825F00FF545B /* Preview Assets.xcassets in Resources */,
				CAD711C52B81825F00FF545B /* Assets.xcassets in Resources */,
				CAD711FE2B8193F600FF545B /* brand.json in Resources */,
			);
			runOnlyForDeploymentPostprocessing = 0;
		};
/* End PBXResourcesBuildPhase section */

/* Begin PBXSourcesBuildPhase section */
		CAD711B92B81825D00FF545B /* Sources */ = {
			isa = PBXSourcesBuildPhase;
			buildActionMask = 2147483647;
			files = (
				CAD711E52B818EBA00FF545B /* FeatureItemView.swift in Sources */,
				CAD712012B8194A300FF545B /* FeatureTabView.swift in Sources */,
				CAD711E32B818CF800FF545B /* CodableBundleExtension.swift in Sources */,
				CAD711C32B81825D00FF545B /* ContentView.swift in Sources */,
				CAD711DF2B81889500FF545B /* LogoView.swift in Sources */,
				CAD711DB2B81853700FF545B /* FooterView.swift in Sources */,
				CAD711D92B81845800FF545B /* constant.swift in Sources */,
				CAD712072B81DEFE00FF545B /* CategoryGridView.swift in Sources */,
				CAD712032B81DC4900FF545B /* CategoryModel.swift in Sources */,
				CAD711C12B81825D00FF545B /* TouchDownApp.swift in Sources */,
				CAD712092B82D6A500FF545B /* SectionView.swift in Sources */,
				CAD712052B81DD6200FF545B /* CategoryItemView.swift in Sources */,
				CAD711DD2B81878700FF545B /* NavigationBarView.swift in Sources */,
				CAD711E12B818CA800FF545B /* PlayerModel.swift in Sources */,
				CAD7120B2B82D8BF00FF545B /* TitleView.swift in Sources */,
			);
			runOnlyForDeploymentPostprocessing = 0;
		};
/* End PBXSourcesBuildPhase section */

/* Begin XCBuildConfiguration section */
		CAD711C92B81825F00FF545B /* Debug */ = {
			isa = XCBuildConfiguration;
			buildSettings = {
				ALWAYS_SEARCH_USER_PATHS = NO;
				CLANG_ANALYZER_NONNULL = YES;
				CLANG_ANALYZER_NUMBER_OBJECT_CONVERSION = YES_AGGRESSIVE;
				CLANG_CXX_LANGUAGE_STANDARD = "gnu++20";
				CLANG_ENABLE_MODULES = YES;
				CLANG_ENABLE_OBJC_ARC = YES;
				CLANG_ENABLE_OBJC_WEAK = YES;
				CLANG_WARN_BLOCK_CAPTURE_AUTORELEASING = YES;
				CLANG_WARN_BOOL_CONVERSION = YES;
				CLANG_WARN_COMMA = YES;
				CLANG_WARN_CONSTANT_CONVERSION = YES;
				CLANG_WARN_DEPRECATED_OBJC_IMPLEMENTATIONS = YES;
				CLANG_WARN_DIRECT_OBJC_ISA_USAGE = YES_ERROR;
				CLANG_WARN_DOCUMENTATION_COMMENTS = YES;
				CLANG_WARN_EMPTY_BODY = YES;
				CLANG_WARN_ENUM_CONVERSION = YES;
				CLANG_WARN_INFINITE_RECURSION = YES;
				CLANG_WARN_INT_CONVERSION = YES;
				CLANG_WARN_NON_LITERAL_NULL_CONVERSION = YES;
				CLANG_WARN_OBJC_IMPLICIT_RETAIN_SELF = YES;
				CLANG_WARN_OBJC_LITERAL_CONVERSION = YES;
				CLANG_WARN_OBJC_ROOT_CLASS = YES_ERROR;
				CLANG_WARN_QUOTED_INCLUDE_IN_FRAMEWORK_HEADER = YES;
				CLANG_WARN_RANGE_LOOP_ANALYSIS = YES;
				CLANG_WARN_STRICT_PROTOTYPES = YES;
				CLANG_WARN_SUSPICIOUS_MOVE = YES;
				CLANG_WARN_UNGUARDED_AVAILABILITY = YES_AGGRESSIVE;
				CLANG_WARN_UNREACHABLE_CODE = YES;
				CLANG_WARN__DUPLICATE_METHOD_MATCH = YES;
				COPY_PHASE_STRIP = NO;
				DEBUG_INFORMATION_FORMAT = dwarf;
				ENABLE_STRICT_OBJC_MSGSEND = YES;
				ENABLE_TESTABILITY = YES;
				GCC_C_LANGUAGE_STANDARD = gnu11;
				GCC_DYNAMIC_NO_PIC = NO;
				GCC_NO_COMMON_BLOCKS = YES;
				GCC_OPTIMIZATION_LEVEL = 0;
				GCC_PREPROCESSOR_DEFINITIONS = (
					"DEBUG=1",
					"$(inherited)",
				);
				GCC_WARN_64_TO_32_BIT_CONVERSION = YES;
				GCC_WARN_ABOUT_RETURN_TYPE = YES_ERROR;
				GCC_WARN_UNDECLARED_SELECTOR = YES;
				GCC_WARN_UNINITIALIZED_AUTOS = YES_AGGRESSIVE;
				GCC_WARN_UNUSED_FUNCTION = YES;
				GCC_WARN_UNUSED_VARIABLE = YES;
				IPHONEOS_DEPLOYMENT_TARGET = 16.2;
				MTL_ENABLE_DEBUG_INFO = INCLUDE_SOURCE;
				MTL_FAST_MATH = YES;
				ONLY_ACTIVE_ARCH = YES;
				SDKROOT = iphoneos;
				SWIFT_ACTIVE_COMPILATION_CONDITIONS = DEBUG;
				SWIFT_OPTIMIZATION_LEVEL = "-Onone";
			};
			name = Debug;
		};
		CAD711CA2B81825F00FF545B /* Release */ = {
			isa = XCBuildConfiguration;
			buildSettings = {
				ALWAYS_SEARCH_USER_PATHS = NO;
				CLANG_ANALYZER_NONNULL = YES;
				CLANG_ANALYZER_NUMBER_OBJECT_CONVERSION = YES_AGGRESSIVE;
				CLANG_CXX_LANGUAGE_STANDARD = "gnu++20";
				CLANG_ENABLE_MODULES = YES;
				CLANG_ENABLE_OBJC_ARC = YES;
				CLANG_ENABLE_OBJC_WEAK = YES;
				CLANG_WARN_BLOCK_CAPTURE_AUTORELEASING = YES;
				CLANG_WARN_BOOL_CONVERSION = YES;
				CLANG_WARN_COMMA = YES;
				CLANG_WARN_CONSTANT_CONVERSION = YES;
				CLANG_WARN_DEPRECATED_OBJC_IMPLEMENTATIONS = YES;
				CLANG_WARN_DIRECT_OBJC_ISA_USAGE = YES_ERROR;
				CLANG_WARN_DOCUMENTATION_COMMENTS = YES;
				CLANG_WARN_EMPTY_BODY = YES;
				CLANG_WARN_ENUM_CONVERSION = YES;
				CLANG_WARN_INFINITE_RECURSION = YES;
				CLANG_WARN_INT_CONVERSION = YES;
				CLANG_WARN_NON_LITERAL_NULL_CONVERSION = YES;
				CLANG_WARN_OBJC_IMPLICIT_RETAIN_SELF = YES;
				CLANG_WARN_OBJC_LITERAL_CONVERSION = YES;
				CLANG_WARN_OBJC_ROOT_CLASS = YES_ERROR;
				CLANG_WARN_QUOTED_INCLUDE_IN_FRAMEWORK_HEADER = YES;
				CLANG_WARN_RANGE_LOOP_ANALYSIS = YES;
				CLANG_WARN_STRICT_PROTOTYPES = YES;
				CLANG_WARN_SUSPICIOUS_MOVE = YES;
				CLANG_WARN_UNGUARDED_AVAILABILITY = YES_AGGRESSIVE;
				CLANG_WARN_UNREACHABLE_CODE = YES;
				CLANG_WARN__DUPLICATE_METHOD_MATCH = YES;
				COPY_PHASE_STRIP = NO;
				DEBUG_INFORMATION_FORMAT = "dwarf-with-dsym";
				ENABLE_NS_ASSERTIONS = NO;
				ENABLE_STRICT_OBJC_MSGSEND = YES;
				GCC_C_LANGUAGE_STANDARD = gnu11;
				GCC_NO_COMMON_BLOCKS = YES;
				GCC_WARN_64_TO_32_BIT_CONVERSION = YES;
				GCC_WARN_ABOUT_RETURN_TYPE = YES_ERROR;
				GCC_WARN_UNDECLARED_SELECTOR = YES;
				GCC_WARN_UNINITIALIZED_AUTOS = YES_AGGRESSIVE;
				GCC_WARN_UNUSED_FUNCTION = YES;
				GCC_WARN_UNUSED_VARIABLE = YES;
				IPHONEOS_DEPLOYMENT_TARGET = 16.2;
				MTL_ENABLE_DEBUG_INFO = NO;
				MTL_FAST_MATH = YES;
				SDKROOT = iphoneos;
				SWIFT_COMPILATION_MODE = wholemodule;
				SWIFT_OPTIMIZATION_LEVEL = "-O";
				VALIDATE_PRODUCT = YES;
			};
			name = Release;
		};
		CAD711CC2B81825F00FF545B /* Debug */ = {
			isa = XCBuildConfiguration;
			buildSettings = {
				ASSETCATALOG_COMPILER_APPICON_NAME = AppIcon;
				ASSETCATALOG_COMPILER_GLOBAL_ACCENT_COLOR_NAME = AccentColor;
				CODE_SIGN_STYLE = Automatic;
				CURRENT_PROJECT_VERSION = 1;
				DEVELOPMENT_ASSET_PATHS = "\"TouchDown/Preview Content\"";
				DEVELOPMENT_TEAM = 76QSDV59CX;
				ENABLE_PREVIEWS = YES;
				GENERATE_INFOPLIST_FILE = YES;
				INFOPLIST_FILE = TouchDown/Info.plist;
				INFOPLIST_KEY_UIApplicationSceneManifest_Generation = YES;
				INFOPLIST_KEY_UIApplicationSupportsIndirectInputEvents = YES;
				INFOPLIST_KEY_UISupportedInterfaceOrientations_iPad = "UIInterfaceOrientationPortrait UIInterfaceOrientationPortraitUpsideDown UIInterfaceOrientationLandscapeLeft UIInterfaceOrientationLandscapeRight";
				INFOPLIST_KEY_UISupportedInterfaceOrientations_iPhone = "UIInterfaceOrientationPortrait UIInterfaceOrientationLandscapeLeft UIInterfaceOrientationLandscapeRight";
				INFOPLIST_KEY_UIUserInterfaceStyle = Light;
				LD_RUNPATH_SEARCH_PATHS = (
					"$(inherited)",
					"@executable_path/Frameworks",
				);
				MARKETING_VERSION = 1.0;
				PRODUCT_BUNDLE_IDENTIFIER = jp.ringrin.TouchDown;
				PRODUCT_NAME = "$(TARGET_NAME)";
				SWIFT_EMIT_LOC_STRINGS = YES;
				SWIFT_VERSION = 5.0;
				TARGETED_DEVICE_FAMILY = "1,2";
			};
			name = Debug;
		};
		CAD711CD2B81825F00FF545B /* Release */ = {
			isa = XCBuildConfiguration;
			buildSettings = {
				ASSETCATALOG_COMPILER_APPICON_NAME = AppIcon;
				ASSETCATALOG_COMPILER_GLOBAL_ACCENT_COLOR_NAME = AccentColor;
				CODE_SIGN_STYLE = Automatic;
				CURRENT_PROJECT_VERSION = 1;
				DEVELOPMENT_ASSET_PATHS = "\"TouchDown/Preview Content\"";
				DEVELOPMENT_TEAM = 76QSDV59CX;
				ENABLE_PREVIEWS = YES;
				GENERATE_INFOPLIST_FILE = YES;
				INFOPLIST_FILE = TouchDown/Info.plist;
				INFOPLIST_KEY_UIApplicationSceneManifest_Generation = YES;
				INFOPLIST_KEY_UIApplicationSupportsIndirectInputEvents = YES;
				INFOPLIST_KEY_UISupportedInterfaceOrientations_iPad = "UIInterfaceOrientationPortrait UIInterfaceOrientationPortraitUpsideDown UIInterfaceOrientationLandscapeLeft UIInterfaceOrientationLandscapeRight";
				INFOPLIST_KEY_UISupportedInterfaceOrientations_iPhone = "UIInterfaceOrientationPortrait UIInterfaceOrientationLandscapeLeft UIInterfaceOrientationLandscapeRight";
				INFOPLIST_KEY_UIUserInterfaceStyle = Light;
				LD_RUNPATH_SEARCH_PATHS = (
					"$(inherited)",
					"@executable_path/Frameworks",
				);
				MARKETING_VERSION = 1.0;
				PRODUCT_BUNDLE_IDENTIFIER = jp.ringrin.TouchDown;
				PRODUCT_NAME = "$(TARGET_NAME)";
				SWIFT_EMIT_LOC_STRINGS = YES;
				SWIFT_VERSION = 5.0;
				TARGETED_DEVICE_FAMILY = "1,2";
			};
			name = Release;
		};
/* End XCBuildConfiguration section */

/* Begin XCConfigurationList section */
		CAD711B82B81825D00FF545B /* Build configuration list for PBXProject "TouchDown" */ = {
			isa = XCConfigurationList;
			buildConfigurations = (
				CAD711C92B81825F00FF545B /* Debug */,
				CAD711CA2B81825F00FF545B /* Release */,
			);
			defaultConfigurationIsVisible = 0;
			defaultConfigurationName = Release;
		};
		CAD711CB2B81825F00FF545B /* Build configuration list for PBXNativeTarget "TouchDown" */ = {
			isa = XCConfigurationList;
			buildConfigurations = (
				CAD711CC2B81825F00FF545B /* Debug */,
				CAD711CD2B81825F00FF545B /* Release */,
			);
			defaultConfigurationIsVisible = 0;
			defaultConfigurationName = Release;
		};
/* End XCConfigurationList section */
	};
	rootObject = CAD711B52B81825D00FF545B /* Project object */;
}
